Microsoft Visual Studio Solution File, Format Version 8.00
Project("{F184B08F-C81C-45F6-A57F-5ABD9991F28F}") = "MyNewService", "MyNewService.vbproj", "{C850A60B-00C1-4319-B846-35A6AD30A99C}"
	ProjectSection(ProjectDependencies) = postProject
	EndProjectSection
EndProject
Project("{54435603-DBB4-11D2-8724-00A0C9A8B90C}") = "MNSSetup", "..\MNSSetup\MNSSetup.vdproj", "{E9D669A2-563A-4948-BA1F-D20242A5026D}"
	ProjectSection(ProjectDependencies) = postProject
	EndProjectSection
EndProject
Global
	GlobalSection(SolutionConfiguration) = preSolution
		Debug = Debug
		Release = Release
	EndGlobalSection
	GlobalSection(ProjectConfiguration) = postSolution
		{C850A60B-00C1-4319-B846-35A6AD30A99C}.Debug.ActiveCfg = Debug|.NET
		{C850A60B-00C1-4319-B846-35A6AD30A99C}.Debug.Build.0 = Debug|.NET
		{C850A60B-00C1-4319-B846-35A6AD30A99C}.Release.ActiveCfg = Release|.NET
		{C850A60B-00C1-4319-B846-35A6AD30A99C}.Release.Build.0 = Release|.NET
		{E9D669A2-563A-4948-BA1F-D20242A5026D}.Debug.ActiveCfg = Debug
		{E9D669A2-563A-4948-BA1F-D20242A5026D}.Release.ActiveCfg = Release
	EndGlobalSection
	GlobalSection(ExtensibilityGlobals) = postSolution
	EndGlobalSection
	GlobalSection(ExtensibilityAddIns) = postSolution
	EndGlobalSection
EndGlobal
