Microsoft Visual Studio Solution File, Format Version 8.00
Project("{F184B08F-C81C-45F6-A57F-5ABD9991F28F}") = "OkpRoba", "OkpRoba.vbproj", "{BC3563F1-2284-4F73-BF8C-4CDB12EF90FE}"
	ProjectSection(ProjectDependencies) = postProject
	EndProjectSection
EndProject
Global
	GlobalSection(SolutionConfiguration) = preSolution
		Debug = Debug
		Release = Release
	EndGlobalSection
	GlobalSection(ProjectConfiguration) = postSolution
		{BC3563F1-2284-4F73-BF8C-4CDB12EF90FE}.Debug.ActiveCfg = Debug|.NET
		{BC3563F1-2284-4F73-BF8C-4CDB12EF90FE}.Debug.Build.0 = Debug|.NET
		{BC3563F1-2284-4F73-BF8C-4CDB12EF90FE}.Release.ActiveCfg = Release|.NET
		{BC3563F1-2284-4F73-BF8C-4CDB12EF90FE}.Release.Build.0 = Release|.NET
	EndGlobalSection
	GlobalSection(ExtensibilityGlobals) = postSolution
	EndGlobalSection
	GlobalSection(ExtensibilityAddIns) = postSolution
	EndGlobalSection
EndGlobal
