Microsoft Visual Studio Solution File, Format Version 8.00
Project("{F184B08F-C81C-45F6-A57F-5ABD9991F28F}") = "TLS", "TLS.vbproj", "{62FCA105-6C10-4EE5-B1A2-F2A303CDE214}"
	ProjectSection(ProjectDependencies) = postProject
	EndProjectSection
EndProject
Global
	GlobalSection(SolutionConfiguration) = preSolution
		Debug = Debug
		Release = Release
	EndGlobalSection
	GlobalSection(ProjectConfiguration) = postSolution
		{62FCA105-6C10-4EE5-B1A2-F2A303CDE214}.Debug.ActiveCfg = Debug|.NET
		{62FCA105-6C10-4EE5-B1A2-F2A303CDE214}.Debug.Build.0 = Debug|.NET
		{62FCA105-6C10-4EE5-B1A2-F2A303CDE214}.Release.ActiveCfg = Release|.NET
		{62FCA105-6C10-4EE5-B1A2-F2A303CDE214}.Release.Build.0 = Release|.NET
	EndGlobalSection
	GlobalSection(ExtensibilityGlobals) = postSolution
	EndGlobalSection
	GlobalSection(ExtensibilityAddIns) = postSolution
	EndGlobalSection
EndGlobal
