Microsoft Visual Studio Solution File, Format Version 10.00
# Visual Studio 2008
Project("{F184B08F-C81C-45F6-A57F-5ABD9991F28F}") = "Stanice", "Stanice.vbproj", "{0A3405BD-4CBF-4B98-98F5-47ED9DF1AC39}"
EndProject
Project("{54435603-DBB4-11D2-8724-00A0C9A8B90C}") = "Tranzit instal", "..\Tranzit instal\Tranzit instal.vdproj", "{DF0BFDF1-0E50-40F5-9B2C-685AC73D23A5}"
EndProject
Global
	GlobalSection(SolutionConfigurationPlatforms) = preSolution
		Debug|Any CPU = Debug|Any CPU
		Release|Any CPU = Release|Any CPU
	EndGlobalSection
	GlobalSection(ProjectConfigurationPlatforms) = postSolution
		{0A3405BD-4CBF-4B98-98F5-47ED9DF1AC39}.Debug|Any CPU.ActiveCfg = Release|Any CPU
		{0A3405BD-4CBF-4B98-98F5-47ED9DF1AC39}.Debug|Any CPU.Build.0 = Release|Any CPU
		{0A3405BD-4CBF-4B98-98F5-47ED9DF1AC39}.Release|Any CPU.ActiveCfg = Release|Any CPU
		{0A3405BD-4CBF-4B98-98F5-47ED9DF1AC39}.Release|Any CPU.Build.0 = Release|Any CPU
		{DF0BFDF1-0E50-40F5-9B2C-685AC73D23A5}.Debug|Any CPU.ActiveCfg = Release
		{DF0BFDF1-0E50-40F5-9B2C-685AC73D23A5}.Release|Any CPU.ActiveCfg = Release
	EndGlobalSection
	GlobalSection(SolutionProperties) = preSolution
		HideSolutionNode = FALSE
	EndGlobalSection
EndGlobal
