Microsoft Visual Studio Solution File, Format Version 10.00
# Visual Studio 2008
Project("{F184B08F-C81C-45F6-A57F-5ABD9991F28F}") = "OKP_UTL", "OKP_UTL.vbproj", "{62FCA105-6C10-4EE5-B1A2-F2A303CDE214}"
EndProject
Project("{2150E333-8FDC-42A3-9474-1A3956D46DE8}") = "Solution Items", "Solution Items", "{FE5C437B-3D4D-418D-913D-43F261E2FFDA}"
EndProject
Global
	GlobalSection(SolutionConfigurationPlatforms) = preSolution
		Debug|Any CPU = Debug|Any CPU
		Release|Any CPU = Release|Any CPU
	EndGlobalSection
	GlobalSection(ProjectConfigurationPlatforms) = postSolution
		{62FCA105-6C10-4EE5-B1A2-F2A303CDE214}.Debug|Any CPU.ActiveCfg = Debug|Any CPU
		{62FCA105-6C10-4EE5-B1A2-F2A303CDE214}.Debug|Any CPU.Build.0 = Debug|Any CPU
		{62FCA105-6C10-4EE5-B1A2-F2A303CDE214}.Release|Any CPU.ActiveCfg = Release|Any CPU
		{62FCA105-6C10-4EE5-B1A2-F2A303CDE214}.Release|Any CPU.Build.0 = Release|Any CPU
	EndGlobalSection
	GlobalSection(SolutionProperties) = preSolution
		HideSolutionNode = FALSE
	EndGlobalSection
EndGlobal
